
Microsoft Visual Studio Solution File, Format Version 12.00
# Visual Studio Version 16
VisualStudioVersion = 16.0.30011.22
MinimumVisualStudioVersion = 10.0.40219.1
Project("{FAE04EC0-301F-11D3-BF4B-00C04F79EFBC}") = "CPV9", "CPV9.csproj", "{71588308-97A2-446C-AF23-53FA47EFF4C0}"
EndProject
Project("{54435603-DBB4-11D2-8724-00A0C9A8B90C}") = "Néo ScoreBoard V2.1.0", "..\Néo ScoreBoard V2.1.0\Néo ScoreBoard V2.1.0.vdproj", "{A23D82A8-714E-4272-A1CD-AC66F3EE31C2}"
EndProject
Global
	GlobalSection(SolutionConfigurationPlatforms) = preSolution
		Debug|Any CPU = Debug|Any CPU
		Release|Any CPU = Release|Any CPU
	EndGlobalSection
	GlobalSection(ProjectConfigurationPlatforms) = postSolution
		{71588308-97A2-446C-AF23-53FA47EFF4C0}.Debug|Any CPU.ActiveCfg = Debug|Any CPU
		{71588308-97A2-446C-AF23-53FA47EFF4C0}.Debug|Any CPU.Build.0 = Debug|Any CPU
		{71588308-97A2-446C-AF23-53FA47EFF4C0}.Release|Any CPU.ActiveCfg = Release|Any CPU
		{71588308-97A2-446C-AF23-53FA47EFF4C0}.Release|Any CPU.Build.0 = Release|Any CPU
		{A23D82A8-714E-4272-A1CD-AC66F3EE31C2}.Debug|Any CPU.ActiveCfg = Debug
		{A23D82A8-714E-4272-A1CD-AC66F3EE31C2}.Release|Any CPU.ActiveCfg = Release
	EndGlobalSection
	GlobalSection(SolutionProperties) = preSolution
		HideSolutionNode = FALSE
	EndGlobalSection
	GlobalSection(ExtensibilityGlobals) = postSolution
		SolutionGuid = {B8E3B8DC-0E15-4838-8659-425A3D52170C}
	EndGlobalSection
EndGlobal
